
Microsoft Visual Studio Solution File, Format Version 12.00
Project("{FAE04EC0-301F-11D3-BF4B-00C04F79EFBC}") = "SingleResponsibility", "..\..\..\SolidDesignPrinciples\SolidDesignPrinciples\SingleResponsibility\SingleResponsibility.csproj", "{654C5702-EDD0-41A8-A677-8925ABC8A6D3}"
EndProject
Project("{FAE04EC0-301F-11D3-BF4B-00C04F79EFBC}") = "OpenClosed", "OpenClosed\OpenClosed.csproj", "{54ED58EE-DBED-4264-B82C-CC44BD15212A}"
EndProject
Project("{FAE04EC0-301F-11D3-BF4B-00C04F79EFBC}") = "LiskovSubstitution", "LiskovSubstitution\LiskovSubstitution.csproj", "{E1882185-87E0-4552-A8AF-E41F813EDB3E}"
EndProject
Project("{FAE04EC0-301F-11D3-BF4B-00C04F79EFBC}") = "InterfaceSegregation", "InterfaceSegregation\InterfaceSegregation.csproj", "{9ED141C2-A3D8-4587-BF1F-68EF653ECB16}"
EndProject
Project("{FAE04EC0-301F-11D3-BF4B-00C04F79EFBC}") = "DependencyInversion", "DependencyInversion\DependencyInversion.csproj", "{0E1D69DE-F75D-4316-B281-97F727A5A9E4}"
EndProject
Global
	GlobalSection(SolutionConfigurationPlatforms) = preSolution
		Debug|Any CPU = Debug|Any CPU
		Release|Any CPU = Release|Any CPU
	EndGlobalSection
	GlobalSection(ProjectConfigurationPlatforms) = postSolution
		{654C5702-EDD0-41A8-A677-8925ABC8A6D3}.Debug|Any CPU.ActiveCfg = Debug|Any CPU
		{654C5702-EDD0-41A8-A677-8925ABC8A6D3}.Debug|Any CPU.Build.0 = Debug|Any CPU
		{654C5702-EDD0-41A8-A677-8925ABC8A6D3}.Release|Any CPU.ActiveCfg = Release|Any CPU
		{654C5702-EDD0-41A8-A677-8925ABC8A6D3}.Release|Any CPU.Build.0 = Release|Any CPU
		{54ED58EE-DBED-4264-B82C-CC44BD15212A}.Debug|Any CPU.ActiveCfg = Debug|Any CPU
		{54ED58EE-DBED-4264-B82C-CC44BD15212A}.Debug|Any CPU.Build.0 = Debug|Any CPU
		{54ED58EE-DBED-4264-B82C-CC44BD15212A}.Release|Any CPU.ActiveCfg = Release|Any CPU
		{54ED58EE-DBED-4264-B82C-CC44BD15212A}.Release|Any CPU.Build.0 = Release|Any CPU
		{E1882185-87E0-4552-A8AF-E41F813EDB3E}.Debug|Any CPU.ActiveCfg = Debug|Any CPU
		{E1882185-87E0-4552-A8AF-E41F813EDB3E}.Debug|Any CPU.Build.0 = Debug|Any CPU
		{E1882185-87E0-4552-A8AF-E41F813EDB3E}.Release|Any CPU.ActiveCfg = Release|Any CPU
		{E1882185-87E0-4552-A8AF-E41F813EDB3E}.Release|Any CPU.Build.0 = Release|Any CPU
		{9ED141C2-A3D8-4587-BF1F-68EF653ECB16}.Debug|Any CPU.ActiveCfg = Debug|Any CPU
		{9ED141C2-A3D8-4587-BF1F-68EF653ECB16}.Debug|Any CPU.Build.0 = Debug|Any CPU
		{9ED141C2-A3D8-4587-BF1F-68EF653ECB16}.Release|Any CPU.ActiveCfg = Release|Any CPU
		{9ED141C2-A3D8-4587-BF1F-68EF653ECB16}.Release|Any CPU.Build.0 = Release|Any CPU
		{0E1D69DE-F75D-4316-B281-97F727A5A9E4}.Debug|Any CPU.ActiveCfg = Debug|Any CPU
		{0E1D69DE-F75D-4316-B281-97F727A5A9E4}.Debug|Any CPU.Build.0 = Debug|Any CPU
		{0E1D69DE-F75D-4316-B281-97F727A5A9E4}.Release|Any CPU.ActiveCfg = Release|Any CPU
		{0E1D69DE-F75D-4316-B281-97F727A5A9E4}.Release|Any CPU.Build.0 = Release|Any CPU
	EndGlobalSection
EndGlobal
